
Microsoft Visual Studio Solution File, Format Version 12.00
# Visual Studio Version 16
VisualStudioVersion = 16.0.28803.202
MinimumVisualStudioVersion = 10.0.40219.1
Project("{FAE04EC0-301F-11D3-BF4B-00C04F79EFBC}") = "blcAPI2", "blcAPI2\blcAPI2.csproj", "{63316765-AFD0-4BEC-930F-29218B8016C7}"
EndProject
Global
	GlobalSection(SolutionConfigurationPlatforms) = preSolution
		Debug|Any CPU = Debug|Any CPU
		Release|Any CPU = Release|Any CPU
	EndGlobalSection
	GlobalSection(ProjectConfigurationPlatforms) = postSolution
		{63316765-AFD0-4BEC-930F-29218B8016C7}.Debug|Any CPU.ActiveCfg = Debug|Any CPU
		{63316765-AFD0-4BEC-930F-29218B8016C7}.Debug|Any CPU.Build.0 = Debug|Any CPU
		{63316765-AFD0-4BEC-930F-29218B8016C7}.Release|Any CPU.ActiveCfg = Release|Any CPU
		{63316765-AFD0-4BEC-930F-29218B8016C7}.Release|Any CPU.Build.0 = Release|Any CPU
	EndGlobalSection
	GlobalSection(SolutionProperties) = preSolution
		HideSolutionNode = FALSE
	EndGlobalSection
	GlobalSection(ExtensibilityGlobals) = postSolution
		SolutionGuid = {72F53104-BE84-4845-A4B0-089B5250C529}
	EndGlobalSection
EndGlobal
